
Microsoft Visual Studio Solution File, Format Version 12.00
# Visual Studio Version 17
VisualStudioVersion = 17.8.34330.188
MinimumVisualStudioVersion = 10.0.40219.1
Project("{9A19103F-16F7-4668-BE54-9A1E7A4F7556}") = "FocusAPI", "src\FocusAPI\FocusAPI.csproj", "{E94B9C14-E76D-4DAA-8813-CB4663DF4093}"
	ProjectSection(ProjectDependencies) = postProject
		{996C25C7-AF52-4F70-9735-93147E6BF53D} = {996C25C7-AF52-4F70-9735-93147E6BF53D}
	EndProjectSection
EndProject
Project("{2150E333-8FDC-42A3-9474-1A3956D46DE8}") = "Solution Items", "Solution Items", "{CF15679B-15DF-4262-837D-49C3D43E6CD8}"
	ProjectSection(SolutionItems) = preProject
		.dockerignore = .dockerignore
		.gitattributes = .gitattributes
		.gitignore = .gitignore
		README.md = README.md
	EndProjectSection
EndProject
Project("{9A19103F-16F7-4668-BE54-9A1E7A4F7556}") = "FocusCore", "src\FocusCore\FocusCore.csproj", "{996C25C7-AF52-4F70-9735-93147E6BF53D}"
EndProject
Project("{9A19103F-16F7-4668-BE54-9A1E7A4F7556}") = "FocusApp.Shared", "src\FocusApp.Shared\FocusApp.Shared.csproj", "{2DE49CAB-17F0-4B69-972D-97B69BCDFA1B}"
EndProject
Project("{9A19103F-16F7-4668-BE54-9A1E7A4F7556}") = "FocusApp.Client", "src\FocusApp.Client\FocusApp.Client.csproj", "{E2AAFAC3-08C3-4C6C-AE93-95B95300B72E}"
EndProject
Project("{9A19103F-16F7-4668-BE54-9A1E7A4F7556}") = "FocusApp.Tools", "src\FocusApp.Tools\FocusApp.Tools.csproj", "{C37B9511-E73B-4E1D-BBA4-6D160872381C}"
EndProject
Project("{E53339B2-1760-4266-BCC7-CA923CBCF16C}") = "docker-compose", "docker-compose.dcproj", "{86154E51-9282-4E60-92EF-598EB64D9BD1}"
EndProject
Project("{FAE04EC0-301F-11D3-BF4B-00C04F79EFBC}") = "FocusAPI.Tests", "test\FocusAPI.Tests\FocusAPI.Tests.csproj", "{87E7E58C-E169-4D05-ABF8-1B2DAE38C9D4}"
EndProject
Global
	GlobalSection(SolutionConfigurationPlatforms) = preSolution
		Debug|Any CPU = Debug|Any CPU
		Release|Any CPU = Release|Any CPU
	EndGlobalSection
	GlobalSection(ProjectConfigurationPlatforms) = postSolution
		{E94B9C14-E76D-4DAA-8813-CB4663DF4093}.Debug|Any CPU.ActiveCfg = Debug|Any CPU
		{E94B9C14-E76D-4DAA-8813-CB4663DF4093}.Debug|Any CPU.Build.0 = Debug|Any CPU
		{E94B9C14-E76D-4DAA-8813-CB4663DF4093}.Release|Any CPU.ActiveCfg = Release|Any CPU
		{E94B9C14-E76D-4DAA-8813-CB4663DF4093}.Release|Any CPU.Build.0 = Release|Any CPU
		{996C25C7-AF52-4F70-9735-93147E6BF53D}.Debug|Any CPU.ActiveCfg = Debug|Any CPU
		{996C25C7-AF52-4F70-9735-93147E6BF53D}.Debug|Any CPU.Build.0 = Debug|Any CPU
		{996C25C7-AF52-4F70-9735-93147E6BF53D}.Release|Any CPU.ActiveCfg = Release|Any CPU
		{996C25C7-AF52-4F70-9735-93147E6BF53D}.Release|Any CPU.Build.0 = Release|Any CPU
		{2DE49CAB-17F0-4B69-972D-97B69BCDFA1B}.Debug|Any CPU.ActiveCfg = Debug|Any CPU
		{2DE49CAB-17F0-4B69-972D-97B69BCDFA1B}.Debug|Any CPU.Build.0 = Debug|Any CPU
		{2DE49CAB-17F0-4B69-972D-97B69BCDFA1B}.Release|Any CPU.ActiveCfg = Release|Any CPU
		{2DE49CAB-17F0-4B69-972D-97B69BCDFA1B}.Release|Any CPU.Build.0 = Release|Any CPU
		{E2AAFAC3-08C3-4C6C-AE93-95B95300B72E}.Debug|Any CPU.ActiveCfg = Debug|Any CPU
		{E2AAFAC3-08C3-4C6C-AE93-95B95300B72E}.Debug|Any CPU.Build.0 = Debug|Any CPU
		{E2AAFAC3-08C3-4C6C-AE93-95B95300B72E}.Debug|Any CPU.Deploy.0 = Debug|Any CPU
		{E2AAFAC3-08C3-4C6C-AE93-95B95300B72E}.Release|Any CPU.ActiveCfg = Release|Any CPU
		{E2AAFAC3-08C3-4C6C-AE93-95B95300B72E}.Release|Any CPU.Build.0 = Release|Any CPU
		{E2AAFAC3-08C3-4C6C-AE93-95B95300B72E}.Release|Any CPU.Deploy.0 = Release|Any CPU
		{C37B9511-E73B-4E1D-BBA4-6D160872381C}.Debug|Any CPU.ActiveCfg = Debug|Any CPU
		{C37B9511-E73B-4E1D-BBA4-6D160872381C}.Debug|Any CPU.Build.0 = Debug|Any CPU
		{C37B9511-E73B-4E1D-BBA4-6D160872381C}.Release|Any CPU.ActiveCfg = Release|Any CPU
		{C37B9511-E73B-4E1D-BBA4-6D160872381C}.Release|Any CPU.Build.0 = Release|Any CPU
		{86154E51-9282-4E60-92EF-598EB64D9BD1}.Debug|Any CPU.ActiveCfg = Debug|Any CPU
		{86154E51-9282-4E60-92EF-598EB64D9BD1}.Debug|Any CPU.Build.0 = Debug|Any CPU
		{86154E51-9282-4E60-92EF-598EB64D9BD1}.Release|Any CPU.ActiveCfg = Release|Any CPU
		{86154E51-9282-4E60-92EF-598EB64D9BD1}.Release|Any CPU.Build.0 = Release|Any CPU
		{87E7E58C-E169-4D05-ABF8-1B2DAE38C9D4}.Debug|Any CPU.ActiveCfg = Debug|Any CPU
		{87E7E58C-E169-4D05-ABF8-1B2DAE38C9D4}.Debug|Any CPU.Build.0 = Debug|Any CPU
		{87E7E58C-E169-4D05-ABF8-1B2DAE38C9D4}.Release|Any CPU.ActiveCfg = Release|Any CPU
		{87E7E58C-E169-4D05-ABF8-1B2DAE38C9D4}.Release|Any CPU.Build.0 = Release|Any CPU
	EndGlobalSection
	GlobalSection(SolutionProperties) = preSolution
		HideSolutionNode = FALSE
	EndGlobalSection
	GlobalSection(ExtensibilityGlobals) = postSolution
		SolutionGuid = {DD2FC1E7-3D53-4250-9AB9-705255167B0B}
	EndGlobalSection
EndGlobal
